{
  "version": 4,
  "terraform_version": "1.5.2",
  "serial": 686,
  "lineage": "23aae2db-2208-b245-478e-0e2dbb422ef1",
  "outputs": {},
  "resources": [
    {
      "mode": "managed",
      "type": "aws_vpc",
      "name": "vpc",
      "provider": "provider[\"registry.terraform.io/hashicorp/aws\"]",
      "instances": [
        {
          "schema_version": 1,
          "attributes": {
            "arn": "arn:aws:ec2:eu-west-3:533267122473:vpc/vpc-0019a0eda03c317ae",
            "assign_generated_ipv6_cidr_block": false,
            "cidr_block": "10.99.0.0/18",
            "default_network_acl_id": "acl-08915bc119b7f1789",
            "default_route_table_id": "rtb-0a01793f6fe2ff1df",
            "default_security_group_id": "sg-02ed294a634522957",
            "dhcp_options_id": "dopt-0d705b03493d0f9dd",
            "enable_dns_hostnames": true,
            "enable_dns_support": true,
            "enable_network_address_usage_metrics": false,
            "id": "vpc-0019a0eda03c317ae",
            "instance_tenancy": "default",
            "ipv4_ipam_pool_id": null,
            "ipv4_netmask_length": null,
            "ipv6_association_id": "",
            "ipv6_cidr_block": "",
            "ipv6_cidr_block_network_border_group": "",
            "ipv6_ipam_pool_id": "",
            "ipv6_netmask_length": 0,
            "main_route_table_id": "rtb-0a01793f6fe2ff1df",
            "owner_id": "533267122473",
            "tags": {
              "Name": "my_project-vpc"
            },
            "tags_all": {
              "Name": "my_project-vpc"
            }
          },
          "sensitive_attributes": [],
          "private": "eyJzY2hlbWFfdmVyc2lvbiI6IjEifQ==",
          "create_before_destroy": true
        }
      ]
    }
  ],
  "check_results": null
}
